
Microsoft Visual Studio Solution File, Format Version 12.00
# Visual Studio Version 16
VisualStudioVersion = 16.0.29920.165
MinimumVisualStudioVersion = 10.0.40219.1
Project("{888888A0-9F3D-457C-B088-3A5042F75D52}") = "AmpHacks2020", "AmpHacks2020\AmpHacks2020.pyproj", "{5E47E491-B43F-4C71-B9E5-F27543AF1127}"
EndProject
Global
	GlobalSection(SolutionConfigurationPlatforms) = preSolution
		Debug|Any CPU = Debug|Any CPU
		Release|Any CPU = Release|Any CPU
	EndGlobalSection
	GlobalSection(ProjectConfigurationPlatforms) = postSolution
		{5E47E491-B43F-4C71-B9E5-F27543AF1127}.Debug|Any CPU.ActiveCfg = Debug|Any CPU
		{5E47E491-B43F-4C71-B9E5-F27543AF1127}.Debug|Any CPU.Build.0 = Debug|Any CPU
		{5E47E491-B43F-4C71-B9E5-F27543AF1127}.Release|Any CPU.ActiveCfg = Release|Any CPU
		{5E47E491-B43F-4C71-B9E5-F27543AF1127}.Release|Any CPU.Build.0 = Release|Any CPU
	EndGlobalSection
	GlobalSection(SolutionProperties) = preSolution
		HideSolutionNode = FALSE
	EndGlobalSection
	GlobalSection(ExtensibilityGlobals) = postSolution
		SolutionGuid = {318C7BD9-DE65-4791-BD33-9F12FF0DAE7B}
	EndGlobalSection
EndGlobal
